PODS:
  - Flutter (1.0.0)
  - trust_fall (0.0.1):
    - Flutter

DEPENDENCIES:
  - Flutter (from `Flutter`)
  - trust_fall (from `.symlinks/plugins/trust_fall/ios`)

EXTERNAL SOURCES:
  Flutter:
    :path: Flutter
  trust_fall:
    :path: ".symlinks/plugins/trust_fall/ios"

SPEC CHECKSUMS:
  Flutter: 0e3d915762c693b495b44d77113d4970485de6ec
  trust_fall: 418929c15c22ae3aadb871ce3523696d8d8cc82e

PODFILE CHECKSUM: b1f7a399522c118a74b177b13c01eca692aa7e6d

COCOAPODS: 1.10.1
